
Microsoft Visual Studio Solution File, Format Version 12.00
# 
Project("{FAE04EC0-301F-11D3-BF4B-00C04F79EFBC}") = "WFNSystem.API", "WFNSystem.API\WFNSystem.API.csproj", "{B2C1DF94-1D25-43C5-87DC-AD5BC9951A6A}"
EndProject
Project("{FAE04EC0-301F-11D3-BF4B-00C04F79EFBC}") = "WFNSystem.Tests", "WFNSystem.Tests\WFNSystem.Tests.csproj", "{BC628814-5844-49B5-8132-65C4A3F02766}"
EndProject
Global
	GlobalSection(SolutionConfigurationPlatforms) = preSolution
		Debug|Any CPU = Debug|Any CPU
		Release|Any CPU = Release|Any CPU
	EndGlobalSection
	GlobalSection(ProjectConfigurationPlatforms) = postSolution
		{B2C1DF94-1D25-43C5-87DC-AD5BC9951A6A}.Debug|Any CPU.ActiveCfg = Debug|Any CPU
		{B2C1DF94-1D25-43C5-87DC-AD5BC9951A6A}.Debug|Any CPU.Build.0 = Debug|Any CPU
		{B2C1DF94-1D25-43C5-87DC-AD5BC9951A6A}.Release|Any CPU.ActiveCfg = Release|Any CPU
		{B2C1DF94-1D25-43C5-87DC-AD5BC9951A6A}.Release|Any CPU.Build.0 = Release|Any CPU
		{BC628814-5844-49B5-8132-65C4A3F02766}.Debug|Any CPU.ActiveCfg = Debug|Any CPU
		{BC628814-5844-49B5-8132-65C4A3F02766}.Debug|Any CPU.Build.0 = Debug|Any CPU
		{BC628814-5844-49B5-8132-65C4A3F02766}.Release|Any CPU.ActiveCfg = Release|Any CPU
		{BC628814-5844-49B5-8132-65C4A3F02766}.Release|Any CPU.Build.0 = Release|Any CPU
	EndGlobalSection
EndGlobal
